<?xml version="1.0" encoding="utf-8"?>
<Project ToolsVersion="4.0" xmlns="http://schemas.microsoft.com/developer/msbuild/2003">
  <ItemGroup>
    <Filter Include="소스 파일">
      <UniqueIdentifier>{4FC737F1-C7A5-4376-A066-2A32D752A2FF}</UniqueIdentifier>
      <Extensions>cpp;c;cc;cxx;c++;cppm;ixx;def;odl;idl;hpj;bat;asm;asmx</Extensions>
    </Filter>
    <Filter Include="헤더 파일">
      <UniqueIdentifier>{93995380-89BD-4b04-88EB-625FBE52EBFB}</UniqueIdentifier>
      <Extensions>h;hh;hpp;hxx;h++;hm;inl;inc;ipp;xsd</Extensions>
    </Filter>
    <Filter Include="리소스 파일">
      <UniqueIdentifier>{67DA6AB6-F800-4c08-8B7A-83BB121AAD01}</UniqueIdentifier>
      <Extensions>rc;ico;cur;bmp;dlg;rc2;rct;bin;rgs;gif;jpg;jpeg;jpe;resx;tiff;tif;png;wav;mfcribbon-ms</Extensions>
    </Filter>
    <Filter Include="GLSL">
      <UniqueIdentifier>{931f4ec3-49e7-48b0-b47b-ad9ea8f77f94}</UniqueIdentifier>
    </Filter>
    <Filter Include="소스 파일\gameControl">
      <UniqueIdentifier>{cee54dbd-5b44-4ade-99e9-dd4514261662}</UniqueIdentifier>
    </Filter>
    <Filter Include="소스 파일\image">
      <UniqueIdentifier>{27bcb282-610a-45e3-ba95-ac62cda65f46}</UniqueIdentifier>
    </Filter>
    <Filter Include="소스 파일\global">
      <UniqueIdentifier>{5d31d82d-63b2-4ef1-9642-b7f75fbc6fb8}</UniqueIdentifier>
    </Filter>
    <Filter Include="소스 파일\sound">
      <UniqueIdentifier>{2864b2c5-44bd-4ef4-8938-88f44b0940ea}</UniqueIdentifier>
    </Filter>
    <Filter Include="헤더 파일\sound">
      <UniqueIdentifier>{e2021303-d7dd-4bda-b034-4b66964889d3}</UniqueIdentifier>
    </Filter>
    <Filter Include="헤더 파일\global">
      <UniqueIdentifier>{58375472-a3df-43f0-9709-8157cfa61e2d}</UniqueIdentifier>
    </Filter>
    <Filter Include="헤더 파일\gl_header">
      <UniqueIdentifier>{e8b98558-de81-43a3-88c0-579ad51fd444}</UniqueIdentifier>
    </Filter>
    <Filter Include="헤더 파일\classesProp">
      <UniqueIdentifier>{604acc11-7ba6-4ffd-b023-e260d34bd26f}</UniqueIdentifier>
    </Filter>
    <Filter Include="헤더 파일\classesMain">
      <UniqueIdentifier>{ef1ac4b7-25c4-43fa-9a13-aedf1d7ca365}</UniqueIdentifier>
    </Filter>
    <Filter Include="소스 파일\shader/buffer">
      <UniqueIdentifier>{a2fc8178-acc8-46b6-a1c0-1f300cdc0979}</UniqueIdentifier>
    </Filter>
  </ItemGroup>
  <ItemGroup>
    <ClCompile Include="main.cpp">
      <Filter>소스 파일</Filter>
    </ClCompile>
    <ClCompile Include="key.cpp">
      <Filter>소스 파일\gameControl</Filter>
    </ClCompile>
    <ClCompile Include="timer.cpp">
      <Filter>소스 파일\gameControl</Filter>
    </ClCompile>
    <ClCompile Include="shaderSet.cpp">
      <Filter>소스 파일\shader/buffer</Filter>
    </ClCompile>
    <ClCompile Include="mouse.cpp">
      <Filter>소스 파일\gameControl</Filter>
    </ClCompile>
    <ClCompile Include="transform.cpp">
      <Filter>소스 파일\image</Filter>
    </ClCompile>
    <ClCompile Include="globalVar.cpp">
      <Filter>소스 파일\global</Filter>
    </ClCompile>
    <ClCompile Include="sound.cpp">
      <Filter>소스 파일\sound</Filter>
    </ClCompile>
    <ClCompile Include="main2.cpp">
      <Filter>소스 파일</Filter>
    </ClCompile>
    <ClCompile Include="bufferSet.cpp">
      <Filter>소스 파일\shader/buffer</Filter>
    </ClCompile>
  </ItemGroup>
  <ItemGroup>
    <ClInclude Include="config.h">
      <Filter>헤더 파일</Filter>
    </ClInclude>
    <ClInclude Include="texture.h">
      <Filter>헤더 파일\gl_header</Filter>
    </ClInclude>
    <ClInclude Include="shader.h">
      <Filter>헤더 파일\gl_header</Filter>
    </ClInclude>
    <ClInclude Include="gl_func.h">
      <Filter>헤더 파일\gl_header</Filter>
    </ClInclude>
    <ClInclude Include="buffer.h">
      <Filter>헤더 파일\gl_header</Filter>
    </ClInclude>
    <ClInclude Include="Alcy.h">
      <Filter>헤더 파일\classesMain</Filter>
    </ClInclude>
    <ClInclude Include="Camera.h">
      <Filter>헤더 파일\classesMain</Filter>
    </ClInclude>
    <ClInclude Include="sound.h">
      <Filter>헤더 파일\sound</Filter>
    </ClInclude>
    <ClInclude Include="transform.h">
      <Filter>헤더 파일\gl_header</Filter>
    </ClInclude>
    <ClInclude Include="UI.h">
      <Filter>헤더 파일\classesMain</Filter>
    </ClInclude>
    <ClInclude Include="globalVar.h">
      <Filter>헤더 파일\global</Filter>
    </ClInclude>
    <ClInclude Include="screen.h">
      <Filter>헤더 파일\global</Filter>
    </ClInclude>
    <ClInclude Include="ZZZ.h">
      <Filter>헤더 파일\classesProp</Filter>
    </ClInclude>
    <ClInclude Include="Icon.h">
      <Filter>헤더 파일\classesMain</Filter>
    </ClInclude>
    <ClInclude Include="Background.h">
      <Filter>헤더 파일\classesMain</Filter>
    </ClInclude>
    <ClInclude Include="White.h">
      <Filter>헤더 파일\classesMain</Filter>
    </ClInclude>
    <ClInclude Include="Turntable.h">
      <Filter>헤더 파일\classesProp</Filter>
    </ClInclude>
    <ClInclude Include="Speaker.h">
      <Filter>헤더 파일\classesProp</Filter>
    </ClInclude>
    <ClInclude Include="Guitar.h">
      <Filter>헤더 파일\classesProp</Filter>
    </ClInclude>
    <ClInclude Include="Arm.h">
      <Filter>헤더 파일\classesProp</Filter>
    </ClInclude>
    <ClInclude Include="Light.h">
      <Filter>헤더 파일\classesProp</Filter>
    </ClInclude>
    <ClInclude Include="main2.h">
      <Filter>헤더 파일\global</Filter>
    </ClInclude>
    <ClInclude Include="Mic.h">
      <Filter>헤더 파일\classesProp</Filter>
    </ClInclude>
    <ClInclude Include="Neon.h">
      <Filter>헤더 파일\classesProp</Filter>
    </ClInclude>
    <ClInclude Include="Note.h">
      <Filter>헤더 파일\classesProp</Filter>
    </ClInclude>
    <ClInclude Include="Info.h">
      <Filter>헤더 파일\classesMain</Filter>
    </ClInclude>
    <ClInclude Include="Start.h">
      <Filter>헤더 파일</Filter>
    </ClInclude>
  </ItemGroup>
  <ItemGroup>
    <None Include="glsl\GLSL_fragment.glsl">
      <Filter>GLSL</Filter>
    </None>
    <None Include="glsl\GLSL_vertex.glsl">
      <Filter>GLSL</Filter>
    </None>
  </ItemGroup>
</Project>